
Microsoft Visual Studio Solution File, Format Version 12.00
# Visual Studio Version 17
VisualStudioVersion = 17.10.35013.160
MinimumVisualStudioVersion = 10.0.40219.1
Project("{9A19103F-16F7-4668-BE54-9A1E7A4F7556}") = "MauiWhiteLabelling", "MauiWhiteLabelling\MauiWhiteLabelling.csproj", "{A162A7D4-68E2-4C53-A0CF-ECD23D229152}"
EndProject
Global
	GlobalSection(SolutionConfigurationPlatforms) = preSolution
		Debug|Any CPU = Debug|Any CPU
		Debug-ClientA|Any CPU = Debug-ClientA|Any CPU
		Debug-ClientB|Any CPU = Debug-ClientB|Any CPU
		Release|Any CPU = Release|Any CPU
		Release-ClientA|Any CPU = Release-ClientA|Any CPU
		Release-ClientB|Any CPU = Release-ClientB|Any CPU
	EndGlobalSection
	GlobalSection(ProjectConfigurationPlatforms) = postSolution
		{A162A7D4-68E2-4C53-A0CF-ECD23D229152}.Debug|Any CPU.ActiveCfg = Debug|Any CPU
		{A162A7D4-68E2-4C53-A0CF-ECD23D229152}.Debug|Any CPU.Build.0 = Debug|Any CPU
		{A162A7D4-68E2-4C53-A0CF-ECD23D229152}.Debug|Any CPU.Deploy.0 = Debug|Any CPU
		{A162A7D4-68E2-4C53-A0CF-ECD23D229152}.Debug-ClientA|Any CPU.ActiveCfg = Debug-ClientA|Any CPU
		{A162A7D4-68E2-4C53-A0CF-ECD23D229152}.Debug-ClientA|Any CPU.Build.0 = Debug-ClientA|Any CPU
		{A162A7D4-68E2-4C53-A0CF-ECD23D229152}.Debug-ClientA|Any CPU.Deploy.0 = Debug-ClientA|Any CPU
		{A162A7D4-68E2-4C53-A0CF-ECD23D229152}.Debug-ClientB|Any CPU.ActiveCfg = Debug-ClientB|Any CPU
		{A162A7D4-68E2-4C53-A0CF-ECD23D229152}.Debug-ClientB|Any CPU.Build.0 = Debug-ClientB|Any CPU
		{A162A7D4-68E2-4C53-A0CF-ECD23D229152}.Debug-ClientB|Any CPU.Deploy.0 = Debug-ClientB|Any CPU
		{A162A7D4-68E2-4C53-A0CF-ECD23D229152}.Release|Any CPU.ActiveCfg = Release|Any CPU
		{A162A7D4-68E2-4C53-A0CF-ECD23D229152}.Release|Any CPU.Build.0 = Release|Any CPU
		{A162A7D4-68E2-4C53-A0CF-ECD23D229152}.Release|Any CPU.Deploy.0 = Release|Any CPU
		{A162A7D4-68E2-4C53-A0CF-ECD23D229152}.Release-ClientA|Any CPU.ActiveCfg = Release-ClientA|Any CPU
		{A162A7D4-68E2-4C53-A0CF-ECD23D229152}.Release-ClientA|Any CPU.Build.0 = Release-ClientA|Any CPU
		{A162A7D4-68E2-4C53-A0CF-ECD23D229152}.Release-ClientA|Any CPU.Deploy.0 = Release-ClientA|Any CPU
		{A162A7D4-68E2-4C53-A0CF-ECD23D229152}.Release-ClientB|Any CPU.ActiveCfg = Release-ClientB|Any CPU
		{A162A7D4-68E2-4C53-A0CF-ECD23D229152}.Release-ClientB|Any CPU.Build.0 = Release-ClientB|Any CPU
		{A162A7D4-68E2-4C53-A0CF-ECD23D229152}.Release-ClientB|Any CPU.Deploy.0 = Release-ClientB|Any CPU
	EndGlobalSection
	GlobalSection(SolutionProperties) = preSolution
		HideSolutionNode = FALSE
	EndGlobalSection
	GlobalSection(ExtensibilityGlobals) = postSolution
		SolutionGuid = {29DF4A2A-6A5E-408B-8409-ED17EA5043EF}
	EndGlobalSection
EndGlobal
